
Microsoft Visual Studio Solution File, Format Version 12.00
# Visual Studio 14
VisualStudioVersion = 14.0.23107.0
MinimumVisualStudioVersion = 10.0.40219.1
Project("{FAE04EC0-301F-11D3-BF4B-00C04F79EFBC}") = "PlayStation-App", "PlayStation-App\PlayStation-App.csproj", "{A4DD5ECD-B68F-437E-B07A-9F875DEDADA2}"
EndProject
Project("{FAE04EC0-301F-11D3-BF4B-00C04F79EFBC}") = "PlayStation-App.Core", "PlayStation-App.Core\PlayStation-App.Core.csproj", "{6414E6F6-90B9-43F1-BCE9-BD255BB4AD22}"
EndProject
Global
	GlobalSection(SolutionConfigurationPlatforms) = preSolution
		Debug|Any CPU = Debug|Any CPU
		Debug|ARM = Debug|ARM
		Debug|x64 = Debug|x64
		Debug|x86 = Debug|x86
		Release|Any CPU = Release|Any CPU
		Release|ARM = Release|ARM
		Release|x64 = Release|x64
		Release|x86 = Release|x86
	EndGlobalSection
	GlobalSection(ProjectConfigurationPlatforms) = postSolution
		{A4DD5ECD-B68F-437E-B07A-9F875DEDADA2}.Debug|Any CPU.ActiveCfg = Debug|x86
		{A4DD5ECD-B68F-437E-B07A-9F875DEDADA2}.Debug|ARM.ActiveCfg = Debug|ARM
		{A4DD5ECD-B68F-437E-B07A-9F875DEDADA2}.Debug|ARM.Build.0 = Debug|ARM
		{A4DD5ECD-B68F-437E-B07A-9F875DEDADA2}.Debug|ARM.Deploy.0 = Debug|ARM
		{A4DD5ECD-B68F-437E-B07A-9F875DEDADA2}.Debug|x64.ActiveCfg = Debug|x64
		{A4DD5ECD-B68F-437E-B07A-9F875DEDADA2}.Debug|x64.Build.0 = Debug|x64
		{A4DD5ECD-B68F-437E-B07A-9F875DEDADA2}.Debug|x64.Deploy.0 = Debug|x64
		{A4DD5ECD-B68F-437E-B07A-9F875DEDADA2}.Debug|x86.ActiveCfg = Debug|x86
		{A4DD5ECD-B68F-437E-B07A-9F875DEDADA2}.Debug|x86.Build.0 = Debug|x86
		{A4DD5ECD-B68F-437E-B07A-9F875DEDADA2}.Debug|x86.Deploy.0 = Debug|x86
		{A4DD5ECD-B68F-437E-B07A-9F875DEDADA2}.Release|Any CPU.ActiveCfg = Release|x86
		{A4DD5ECD-B68F-437E-B07A-9F875DEDADA2}.Release|ARM.ActiveCfg = Release|ARM
		{A4DD5ECD-B68F-437E-B07A-9F875DEDADA2}.Release|ARM.Build.0 = Release|ARM
		{A4DD5ECD-B68F-437E-B07A-9F875DEDADA2}.Release|ARM.Deploy.0 = Release|ARM
		{A4DD5ECD-B68F-437E-B07A-9F875DEDADA2}.Release|x64.ActiveCfg = Release|x64
		{A4DD5ECD-B68F-437E-B07A-9F875DEDADA2}.Release|x64.Build.0 = Release|x64
		{A4DD5ECD-B68F-437E-B07A-9F875DEDADA2}.Release|x64.Deploy.0 = Release|x64
		{A4DD5ECD-B68F-437E-B07A-9F875DEDADA2}.Release|x86.ActiveCfg = Release|x86
		{A4DD5ECD-B68F-437E-B07A-9F875DEDADA2}.Release|x86.Build.0 = Release|x86
		{A4DD5ECD-B68F-437E-B07A-9F875DEDADA2}.Release|x86.Deploy.0 = Release|x86
		{6414E6F6-90B9-43F1-BCE9-BD255BB4AD22}.Debug|Any CPU.ActiveCfg = Debug|Any CPU
		{6414E6F6-90B9-43F1-BCE9-BD255BB4AD22}.Debug|Any CPU.Build.0 = Debug|Any CPU
		{6414E6F6-90B9-43F1-BCE9-BD255BB4AD22}.Debug|ARM.ActiveCfg = Debug|Any CPU
		{6414E6F6-90B9-43F1-BCE9-BD255BB4AD22}.Debug|ARM.Build.0 = Debug|Any CPU
		{6414E6F6-90B9-43F1-BCE9-BD255BB4AD22}.Debug|x64.ActiveCfg = Debug|Any CPU
		{6414E6F6-90B9-43F1-BCE9-BD255BB4AD22}.Debug|x64.Build.0 = Debug|Any CPU
		{6414E6F6-90B9-43F1-BCE9-BD255BB4AD22}.Debug|x86.ActiveCfg = Debug|Any CPU
		{6414E6F6-90B9-43F1-BCE9-BD255BB4AD22}.Debug|x86.Build.0 = Debug|Any CPU
		{6414E6F6-90B9-43F1-BCE9-BD255BB4AD22}.Release|Any CPU.ActiveCfg = Release|Any CPU
		{6414E6F6-90B9-43F1-BCE9-BD255BB4AD22}.Release|Any CPU.Build.0 = Release|Any CPU
		{6414E6F6-90B9-43F1-BCE9-BD255BB4AD22}.Release|ARM.ActiveCfg = Release|Any CPU
		{6414E6F6-90B9-43F1-BCE9-BD255BB4AD22}.Release|ARM.Build.0 = Release|Any CPU
		{6414E6F6-90B9-43F1-BCE9-BD255BB4AD22}.Release|x64.ActiveCfg = Release|Any CPU
		{6414E6F6-90B9-43F1-BCE9-BD255BB4AD22}.Release|x64.Build.0 = Release|Any CPU
		{6414E6F6-90B9-43F1-BCE9-BD255BB4AD22}.Release|x86.ActiveCfg = Release|Any CPU
		{6414E6F6-90B9-43F1-BCE9-BD255BB4AD22}.Release|x86.Build.0 = Release|Any CPU
	EndGlobalSection
	GlobalSection(SolutionProperties) = preSolution
		HideSolutionNode = FALSE
	EndGlobalSection
EndGlobal
