
Microsoft Visual Studio Solution File, Format Version 12.00
# Visual Studio 15
VisualStudioVersion = 15.0.25123.0
MinimumVisualStudioVersion = 10.0.40219.1
Project("{FAE04EC0-301F-11D3-BF4B-00C04F79EFBC}") = "Pureisuteshon.Core", "PSX\Pureisuteshon.Core.csproj", "{EDF72919-CA43-4B95-8D52-EF4821BF5432}"
EndProject
Project("{FAE04EC0-301F-11D3-BF4B-00C04F79EFBC}") = "Pureisuteshon-Gui", "PSX-Gui\Pureisuteshon-Gui.csproj", "{C76E5D1F-FAC8-4904-B0BB-6A91E80C04FF}"
EndProject
Project("{2150E333-8FDC-42A3-9474-1A3956D46DE8}") = "Core Functions", "Core Functions", "{975E8084-65F6-4416-8F2A-40F3935BABF8}"
EndProject
Project("{2150E333-8FDC-42A3-9474-1A3956D46DE8}") = "UWP", "UWP", "{1882BAAA-EABE-4E11-A0A3-7238A2835CF5}"
EndProject
Project("{2150E333-8FDC-42A3-9474-1A3956D46DE8}") = "UI Tools", "UI Tools", "{9F526370-9B0B-4CF7-B6C3-79E6CAF584FB}"
EndProject
Project("{FAE04EC0-301F-11D3-BF4B-00C04F79EFBC}") = "Kimono", "Kimono\Kimono.csproj", "{329833B1-79B7-4724-B9A2-0629D735BEA1}"
EndProject
Project("{FAE04EC0-301F-11D3-BF4B-00C04F79EFBC}") = "Pureisuteshon.Database", "Pureisuteshon.Database\Pureisuteshon.Database.csproj", "{81F4D005-D5D1-4B32-B4C2-1F4212E4B236}"
EndProject
Project("{FAE04EC0-301F-11D3-BF4B-00C04F79EFBC}") = "Pureisuteshon.UI", "Pureisuteshon.UI\Pureisuteshon.UI.csproj", "{713460F4-EBD7-4846-9881-F6681C310847}"
EndProject
Project("{FAE04EC0-301F-11D3-BF4B-00C04F79EFBC}") = "Pureisuteshon.BackgroundNotify", "Pureisuteshon.BackgroundNotify\Pureisuteshon.BackgroundNotify.csproj", "{58B6C815-4B2F-4A7F-AF22-B8DA1227F5E5}"
EndProject
Project("{FAE04EC0-301F-11D3-BF4B-00C04F79EFBC}") = "Pureisuteshon.Notifications", "Pureisuteshon.Notifications\Pureisuteshon.Notifications.csproj", "{F669EE49-C8F5-4491-B93B-193BD5DF5350}"
EndProject
Global
	GlobalSection(SolutionConfigurationPlatforms) = preSolution
		Debug|Any CPU = Debug|Any CPU
		Debug|ARM = Debug|ARM
		Debug|x64 = Debug|x64
		Debug|x86 = Debug|x86
		Release|Any CPU = Release|Any CPU
		Release|ARM = Release|ARM
		Release|x64 = Release|x64
		Release|x86 = Release|x86
	EndGlobalSection
	GlobalSection(ProjectConfigurationPlatforms) = postSolution
		{EDF72919-CA43-4B95-8D52-EF4821BF5432}.Debug|Any CPU.ActiveCfg = Debug|Any CPU
		{EDF72919-CA43-4B95-8D52-EF4821BF5432}.Debug|Any CPU.Build.0 = Debug|Any CPU
		{EDF72919-CA43-4B95-8D52-EF4821BF5432}.Debug|ARM.ActiveCfg = Debug|Any CPU
		{EDF72919-CA43-4B95-8D52-EF4821BF5432}.Debug|ARM.Build.0 = Debug|Any CPU
		{EDF72919-CA43-4B95-8D52-EF4821BF5432}.Debug|x64.ActiveCfg = Debug|Any CPU
		{EDF72919-CA43-4B95-8D52-EF4821BF5432}.Debug|x64.Build.0 = Debug|Any CPU
		{EDF72919-CA43-4B95-8D52-EF4821BF5432}.Debug|x86.ActiveCfg = Debug|Any CPU
		{EDF72919-CA43-4B95-8D52-EF4821BF5432}.Debug|x86.Build.0 = Debug|Any CPU
		{EDF72919-CA43-4B95-8D52-EF4821BF5432}.Release|Any CPU.ActiveCfg = Release|Any CPU
		{EDF72919-CA43-4B95-8D52-EF4821BF5432}.Release|Any CPU.Build.0 = Release|Any CPU
		{EDF72919-CA43-4B95-8D52-EF4821BF5432}.Release|ARM.ActiveCfg = Release|Any CPU
		{EDF72919-CA43-4B95-8D52-EF4821BF5432}.Release|ARM.Build.0 = Release|Any CPU
		{EDF72919-CA43-4B95-8D52-EF4821BF5432}.Release|x64.ActiveCfg = Release|Any CPU
		{EDF72919-CA43-4B95-8D52-EF4821BF5432}.Release|x64.Build.0 = Release|Any CPU
		{EDF72919-CA43-4B95-8D52-EF4821BF5432}.Release|x86.ActiveCfg = Release|Any CPU
		{EDF72919-CA43-4B95-8D52-EF4821BF5432}.Release|x86.Build.0 = Release|Any CPU
		{C76E5D1F-FAC8-4904-B0BB-6A91E80C04FF}.Debug|Any CPU.ActiveCfg = Debug|x86
		{C76E5D1F-FAC8-4904-B0BB-6A91E80C04FF}.Debug|ARM.ActiveCfg = Debug|ARM
		{C76E5D1F-FAC8-4904-B0BB-6A91E80C04FF}.Debug|ARM.Build.0 = Debug|ARM
		{C76E5D1F-FAC8-4904-B0BB-6A91E80C04FF}.Debug|ARM.Deploy.0 = Debug|ARM
		{C76E5D1F-FAC8-4904-B0BB-6A91E80C04FF}.Debug|x64.ActiveCfg = Debug|x64
		{C76E5D1F-FAC8-4904-B0BB-6A91E80C04FF}.Debug|x64.Build.0 = Debug|x64
		{C76E5D1F-FAC8-4904-B0BB-6A91E80C04FF}.Debug|x64.Deploy.0 = Debug|x64
		{C76E5D1F-FAC8-4904-B0BB-6A91E80C04FF}.Debug|x86.ActiveCfg = Debug|x86
		{C76E5D1F-FAC8-4904-B0BB-6A91E80C04FF}.Debug|x86.Build.0 = Debug|x86
		{C76E5D1F-FAC8-4904-B0BB-6A91E80C04FF}.Debug|x86.Deploy.0 = Debug|x86
		{C76E5D1F-FAC8-4904-B0BB-6A91E80C04FF}.Release|Any CPU.ActiveCfg = Release|x86
		{C76E5D1F-FAC8-4904-B0BB-6A91E80C04FF}.Release|ARM.ActiveCfg = Release|ARM
		{C76E5D1F-FAC8-4904-B0BB-6A91E80C04FF}.Release|ARM.Build.0 = Release|ARM
		{C76E5D1F-FAC8-4904-B0BB-6A91E80C04FF}.Release|ARM.Deploy.0 = Release|ARM
		{C76E5D1F-FAC8-4904-B0BB-6A91E80C04FF}.Release|x64.ActiveCfg = Release|x64
		{C76E5D1F-FAC8-4904-B0BB-6A91E80C04FF}.Release|x64.Build.0 = Release|x64
		{C76E5D1F-FAC8-4904-B0BB-6A91E80C04FF}.Release|x64.Deploy.0 = Release|x64
		{C76E5D1F-FAC8-4904-B0BB-6A91E80C04FF}.Release|x86.ActiveCfg = Release|x86
		{C76E5D1F-FAC8-4904-B0BB-6A91E80C04FF}.Release|x86.Build.0 = Release|x86
		{C76E5D1F-FAC8-4904-B0BB-6A91E80C04FF}.Release|x86.Deploy.0 = Release|x86
		{329833B1-79B7-4724-B9A2-0629D735BEA1}.Debug|Any CPU.ActiveCfg = Debug|Any CPU
		{329833B1-79B7-4724-B9A2-0629D735BEA1}.Debug|Any CPU.Build.0 = Debug|Any CPU
		{329833B1-79B7-4724-B9A2-0629D735BEA1}.Debug|ARM.ActiveCfg = Debug|ARM
		{329833B1-79B7-4724-B9A2-0629D735BEA1}.Debug|ARM.Build.0 = Debug|ARM
		{329833B1-79B7-4724-B9A2-0629D735BEA1}.Debug|x64.ActiveCfg = Debug|x64
		{329833B1-79B7-4724-B9A2-0629D735BEA1}.Debug|x64.Build.0 = Debug|x64
		{329833B1-79B7-4724-B9A2-0629D735BEA1}.Debug|x86.ActiveCfg = Debug|x86
		{329833B1-79B7-4724-B9A2-0629D735BEA1}.Debug|x86.Build.0 = Debug|x86
		{329833B1-79B7-4724-B9A2-0629D735BEA1}.Release|Any CPU.ActiveCfg = Release|Any CPU
		{329833B1-79B7-4724-B9A2-0629D735BEA1}.Release|Any CPU.Build.0 = Release|Any CPU
		{329833B1-79B7-4724-B9A2-0629D735BEA1}.Release|ARM.ActiveCfg = Release|ARM
		{329833B1-79B7-4724-B9A2-0629D735BEA1}.Release|ARM.Build.0 = Release|ARM
		{329833B1-79B7-4724-B9A2-0629D735BEA1}.Release|x64.ActiveCfg = Release|x64
		{329833B1-79B7-4724-B9A2-0629D735BEA1}.Release|x64.Build.0 = Release|x64
		{329833B1-79B7-4724-B9A2-0629D735BEA1}.Release|x86.ActiveCfg = Release|x86
		{329833B1-79B7-4724-B9A2-0629D735BEA1}.Release|x86.Build.0 = Release|x86
		{81F4D005-D5D1-4B32-B4C2-1F4212E4B236}.Debug|Any CPU.ActiveCfg = Debug|Any CPU
		{81F4D005-D5D1-4B32-B4C2-1F4212E4B236}.Debug|Any CPU.Build.0 = Debug|Any CPU
		{81F4D005-D5D1-4B32-B4C2-1F4212E4B236}.Debug|ARM.ActiveCfg = Debug|Any CPU
		{81F4D005-D5D1-4B32-B4C2-1F4212E4B236}.Debug|ARM.Build.0 = Debug|Any CPU
		{81F4D005-D5D1-4B32-B4C2-1F4212E4B236}.Debug|x64.ActiveCfg = Debug|Any CPU
		{81F4D005-D5D1-4B32-B4C2-1F4212E4B236}.Debug|x64.Build.0 = Debug|Any CPU
		{81F4D005-D5D1-4B32-B4C2-1F4212E4B236}.Debug|x86.ActiveCfg = Debug|Any CPU
		{81F4D005-D5D1-4B32-B4C2-1F4212E4B236}.Debug|x86.Build.0 = Debug|Any CPU
		{81F4D005-D5D1-4B32-B4C2-1F4212E4B236}.Release|Any CPU.ActiveCfg = Release|Any CPU
		{81F4D005-D5D1-4B32-B4C2-1F4212E4B236}.Release|Any CPU.Build.0 = Release|Any CPU
		{81F4D005-D5D1-4B32-B4C2-1F4212E4B236}.Release|ARM.ActiveCfg = Release|Any CPU
		{81F4D005-D5D1-4B32-B4C2-1F4212E4B236}.Release|ARM.Build.0 = Release|Any CPU
		{81F4D005-D5D1-4B32-B4C2-1F4212E4B236}.Release|x64.ActiveCfg = Release|Any CPU
		{81F4D005-D5D1-4B32-B4C2-1F4212E4B236}.Release|x64.Build.0 = Release|Any CPU
		{81F4D005-D5D1-4B32-B4C2-1F4212E4B236}.Release|x86.ActiveCfg = Release|Any CPU
		{81F4D005-D5D1-4B32-B4C2-1F4212E4B236}.Release|x86.Build.0 = Release|Any CPU
		{713460F4-EBD7-4846-9881-F6681C310847}.Debug|Any CPU.ActiveCfg = Debug|Any CPU
		{713460F4-EBD7-4846-9881-F6681C310847}.Debug|Any CPU.Build.0 = Debug|Any CPU
		{713460F4-EBD7-4846-9881-F6681C310847}.Debug|ARM.ActiveCfg = Debug|Any CPU
		{713460F4-EBD7-4846-9881-F6681C310847}.Debug|ARM.Build.0 = Debug|Any CPU
		{713460F4-EBD7-4846-9881-F6681C310847}.Debug|x64.ActiveCfg = Debug|Any CPU
		{713460F4-EBD7-4846-9881-F6681C310847}.Debug|x64.Build.0 = Debug|Any CPU
		{713460F4-EBD7-4846-9881-F6681C310847}.Debug|x86.ActiveCfg = Debug|Any CPU
		{713460F4-EBD7-4846-9881-F6681C310847}.Debug|x86.Build.0 = Debug|Any CPU
		{713460F4-EBD7-4846-9881-F6681C310847}.Release|Any CPU.ActiveCfg = Release|Any CPU
		{713460F4-EBD7-4846-9881-F6681C310847}.Release|Any CPU.Build.0 = Release|Any CPU
		{713460F4-EBD7-4846-9881-F6681C310847}.Release|ARM.ActiveCfg = Release|Any CPU
		{713460F4-EBD7-4846-9881-F6681C310847}.Release|ARM.Build.0 = Release|Any CPU
		{713460F4-EBD7-4846-9881-F6681C310847}.Release|x64.ActiveCfg = Release|Any CPU
		{713460F4-EBD7-4846-9881-F6681C310847}.Release|x64.Build.0 = Release|Any CPU
		{713460F4-EBD7-4846-9881-F6681C310847}.Release|x86.ActiveCfg = Release|Any CPU
		{713460F4-EBD7-4846-9881-F6681C310847}.Release|x86.Build.0 = Release|Any CPU
		{58B6C815-4B2F-4A7F-AF22-B8DA1227F5E5}.Debug|Any CPU.ActiveCfg = Debug|Any CPU
		{58B6C815-4B2F-4A7F-AF22-B8DA1227F5E5}.Debug|Any CPU.Build.0 = Debug|Any CPU
		{58B6C815-4B2F-4A7F-AF22-B8DA1227F5E5}.Debug|ARM.ActiveCfg = Debug|ARM
		{58B6C815-4B2F-4A7F-AF22-B8DA1227F5E5}.Debug|ARM.Build.0 = Debug|ARM
		{58B6C815-4B2F-4A7F-AF22-B8DA1227F5E5}.Debug|x64.ActiveCfg = Debug|x64
		{58B6C815-4B2F-4A7F-AF22-B8DA1227F5E5}.Debug|x64.Build.0 = Debug|x64
		{58B6C815-4B2F-4A7F-AF22-B8DA1227F5E5}.Debug|x86.ActiveCfg = Debug|x86
		{58B6C815-4B2F-4A7F-AF22-B8DA1227F5E5}.Debug|x86.Build.0 = Debug|x86
		{58B6C815-4B2F-4A7F-AF22-B8DA1227F5E5}.Release|Any CPU.ActiveCfg = Release|Any CPU
		{58B6C815-4B2F-4A7F-AF22-B8DA1227F5E5}.Release|Any CPU.Build.0 = Release|Any CPU
		{58B6C815-4B2F-4A7F-AF22-B8DA1227F5E5}.Release|ARM.ActiveCfg = Release|ARM
		{58B6C815-4B2F-4A7F-AF22-B8DA1227F5E5}.Release|ARM.Build.0 = Release|ARM
		{58B6C815-4B2F-4A7F-AF22-B8DA1227F5E5}.Release|x64.ActiveCfg = Release|x64
		{58B6C815-4B2F-4A7F-AF22-B8DA1227F5E5}.Release|x64.Build.0 = Release|x64
		{58B6C815-4B2F-4A7F-AF22-B8DA1227F5E5}.Release|x86.ActiveCfg = Release|x86
		{58B6C815-4B2F-4A7F-AF22-B8DA1227F5E5}.Release|x86.Build.0 = Release|x86
		{F669EE49-C8F5-4491-B93B-193BD5DF5350}.Debug|Any CPU.ActiveCfg = Debug|Any CPU
		{F669EE49-C8F5-4491-B93B-193BD5DF5350}.Debug|Any CPU.Build.0 = Debug|Any CPU
		{F669EE49-C8F5-4491-B93B-193BD5DF5350}.Debug|ARM.ActiveCfg = Debug|ARM
		{F669EE49-C8F5-4491-B93B-193BD5DF5350}.Debug|ARM.Build.0 = Debug|ARM
		{F669EE49-C8F5-4491-B93B-193BD5DF5350}.Debug|x64.ActiveCfg = Debug|x64
		{F669EE49-C8F5-4491-B93B-193BD5DF5350}.Debug|x64.Build.0 = Debug|x64
		{F669EE49-C8F5-4491-B93B-193BD5DF5350}.Debug|x86.ActiveCfg = Debug|x86
		{F669EE49-C8F5-4491-B93B-193BD5DF5350}.Debug|x86.Build.0 = Debug|x86
		{F669EE49-C8F5-4491-B93B-193BD5DF5350}.Release|Any CPU.ActiveCfg = Release|Any CPU
		{F669EE49-C8F5-4491-B93B-193BD5DF5350}.Release|Any CPU.Build.0 = Release|Any CPU
		{F669EE49-C8F5-4491-B93B-193BD5DF5350}.Release|ARM.ActiveCfg = Release|ARM
		{F669EE49-C8F5-4491-B93B-193BD5DF5350}.Release|ARM.Build.0 = Release|ARM
		{F669EE49-C8F5-4491-B93B-193BD5DF5350}.Release|x64.ActiveCfg = Release|x64
		{F669EE49-C8F5-4491-B93B-193BD5DF5350}.Release|x64.Build.0 = Release|x64
		{F669EE49-C8F5-4491-B93B-193BD5DF5350}.Release|x86.ActiveCfg = Release|x86
		{F669EE49-C8F5-4491-B93B-193BD5DF5350}.Release|x86.Build.0 = Release|x86
	EndGlobalSection
	GlobalSection(SolutionProperties) = preSolution
		HideSolutionNode = FALSE
	EndGlobalSection
	GlobalSection(NestedProjects) = preSolution
		{EDF72919-CA43-4B95-8D52-EF4821BF5432} = {975E8084-65F6-4416-8F2A-40F3935BABF8}
		{C76E5D1F-FAC8-4904-B0BB-6A91E80C04FF} = {1882BAAA-EABE-4E11-A0A3-7238A2835CF5}
		{329833B1-79B7-4724-B9A2-0629D735BEA1} = {9F526370-9B0B-4CF7-B6C3-79E6CAF584FB}
		{81F4D005-D5D1-4B32-B4C2-1F4212E4B236} = {975E8084-65F6-4416-8F2A-40F3935BABF8}
		{713460F4-EBD7-4846-9881-F6681C310847} = {9F526370-9B0B-4CF7-B6C3-79E6CAF584FB}
		{58B6C815-4B2F-4A7F-AF22-B8DA1227F5E5} = {1882BAAA-EABE-4E11-A0A3-7238A2835CF5}
		{F669EE49-C8F5-4491-B93B-193BD5DF5350} = {1882BAAA-EABE-4E11-A0A3-7238A2835CF5}
	EndGlobalSection
EndGlobal
